
Microsoft Visual Studio Solution File, Format Version 12.00
# Visual Studio Version 17
VisualStudioVersion = 17.13.35931.197 d17.13
MinimumVisualStudioVersion = 10.0.40219.1
Project("{FAE04EC0-301F-11D3-BF4B-00C04F79EFBC}") = "MeetingManagementSystem", "MeetingManagementSystem.csproj", "{A404228A-4600-42A0-B0E7-9E541119CFF4}"
EndProject
Global
	GlobalSection(SolutionConfigurationPlatforms) = preSolution
		Debug|Any CPU = Debug|Any CPU
		Release|Any CPU = Release|Any CPU
	EndGlobalSection
	GlobalSection(ProjectConfigurationPlatforms) = postSolution
		{A404228A-4600-42A0-B0E7-9E541119CFF4}.Debug|Any CPU.ActiveCfg = Debug|Any CPU
		{A404228A-4600-42A0-B0E7-9E541119CFF4}.Debug|Any CPU.Build.0 = Debug|Any CPU
		{A404228A-4600-42A0-B0E7-9E541119CFF4}.Release|Any CPU.ActiveCfg = Release|Any CPU
		{A404228A-4600-42A0-B0E7-9E541119CFF4}.Release|Any CPU.Build.0 = Release|Any CPU
	EndGlobalSection
	GlobalSection(SolutionProperties) = preSolution
		HideSolutionNode = FALSE
	EndGlobalSection
	GlobalSection(ExtensibilityGlobals) = postSolution
		SolutionGuid = {BC0E6A49-98D2-43A0-9698-2E67C8BACA3D}
	EndGlobalSection
EndGlobal
